
Microsoft Visual Studio Solution File, Format Version 12.00
# Visual Studio Version 17
VisualStudioVersion = 17.7.34031.279
MinimumVisualStudioVersion = 10.0.40219.1
Project("{FAE04EC0-301F-11D3-BF4B-00C04F79EFBC}") = "EcoMoment", "EcoMoment\EcoMoment.csproj", "{2F837745-5872-4990-9279-6D7A26E5F123}"
EndProject
Global
	GlobalSection(SolutionConfigurationPlatforms) = preSolution
		Debug|Any CPU = Debug|Any CPU
		Release|Any CPU = Release|Any CPU
	EndGlobalSection
	GlobalSection(ProjectConfigurationPlatforms) = postSolution
		{2F837745-5872-4990-9279-6D7A26E5F123}.Debug|Any CPU.ActiveCfg = Debug|Any CPU
		{2F837745-5872-4990-9279-6D7A26E5F123}.Debug|Any CPU.Build.0 = Debug|Any CPU
		{2F837745-5872-4990-9279-6D7A26E5F123}.Release|Any CPU.ActiveCfg = Release|Any CPU
		{2F837745-5872-4990-9279-6D7A26E5F123}.Release|Any CPU.Build.0 = Release|Any CPU
	EndGlobalSection
	GlobalSection(SolutionProperties) = preSolution
		HideSolutionNode = FALSE
	EndGlobalSection
	GlobalSection(ExtensibilityGlobals) = postSolution
		SolutionGuid = {76A0639D-79AC-4684-876D-4B3A448A78E0}
	EndGlobalSection
EndGlobal
